{
  "name": "my-fridge",
  "version": "1.0.0",
  "lockfileVersion": 3,
  "requires": true,
  "packages": {
    "": {
      "name": "my-fridge",
      "version": "1.0.0",
      "workspaces": [
        "frontend"
      ],
      "engines": {
        "node": ">=18.0.0"
      }
    },
    "frontend": {
      "name": "vite_react_shadcn_ts",
      "version": "0.0.0",
      "extraneous": false,
      "path": "frontend"
    }
  }
}
